
Microsoft Visual Studio Solution File, Format Version 12.00
# Visual Studio 15
VisualStudioVersion = 15.0.27130.2036
MinimumVisualStudioVersion = 10.0.40219.1
Project("{FAE04EC0-301F-11D3-BF4B-00C04F79EFBC}") = "InterfazUsuario", "ProyectoAspNet\InterfazUsuario.csproj", "{58E648B0-A58A-40B6-BFC4-75C77635FB57}"
EndProject
Project("{FAE04EC0-301F-11D3-BF4B-00C04F79EFBC}") = "LogicaNegocio", "LogicaNegocio\LogicaNegocio.csproj", "{C10091B5-DCC9-4F19-9B43-0CAB3E7ED604}"
EndProject
Project("{FAE04EC0-301F-11D3-BF4B-00C04F79EFBC}") = "AccesoDatos", "AccesoDatos\AccesoDatos.csproj", "{D212715A-D282-4DFA-BA74-E27DF320E592}"
EndProject
Global
	GlobalSection(SolutionConfigurationPlatforms) = preSolution
		Debug|Any CPU = Debug|Any CPU
		Release|Any CPU = Release|Any CPU
	EndGlobalSection
	GlobalSection(ProjectConfigurationPlatforms) = postSolution
		{58E648B0-A58A-40B6-BFC4-75C77635FB57}.Debug|Any CPU.ActiveCfg = Debug|Any CPU
		{58E648B0-A58A-40B6-BFC4-75C77635FB57}.Debug|Any CPU.Build.0 = Debug|Any CPU
		{58E648B0-A58A-40B6-BFC4-75C77635FB57}.Release|Any CPU.ActiveCfg = Release|Any CPU
		{58E648B0-A58A-40B6-BFC4-75C77635FB57}.Release|Any CPU.Build.0 = Release|Any CPU
		{C10091B5-DCC9-4F19-9B43-0CAB3E7ED604}.Debug|Any CPU.ActiveCfg = Debug|Any CPU
		{C10091B5-DCC9-4F19-9B43-0CAB3E7ED604}.Debug|Any CPU.Build.0 = Debug|Any CPU
		{C10091B5-DCC9-4F19-9B43-0CAB3E7ED604}.Release|Any CPU.ActiveCfg = Release|Any CPU
		{C10091B5-DCC9-4F19-9B43-0CAB3E7ED604}.Release|Any CPU.Build.0 = Release|Any CPU
		{D212715A-D282-4DFA-BA74-E27DF320E592}.Debug|Any CPU.ActiveCfg = Debug|Any CPU
		{D212715A-D282-4DFA-BA74-E27DF320E592}.Debug|Any CPU.Build.0 = Debug|Any CPU
		{D212715A-D282-4DFA-BA74-E27DF320E592}.Release|Any CPU.ActiveCfg = Release|Any CPU
		{D212715A-D282-4DFA-BA74-E27DF320E592}.Release|Any CPU.Build.0 = Release|Any CPU
	EndGlobalSection
	GlobalSection(SolutionProperties) = preSolution
		HideSolutionNode = FALSE
	EndGlobalSection
	GlobalSection(ExtensibilityGlobals) = postSolution
		SolutionGuid = {F5258C01-2783-4B49-BCF3-41C80C6D6ABE}
	EndGlobalSection
EndGlobal
